<Solution>
  <Project Path="Adapters.AdminApi/Adapters.AdminApi.csproj" />
  <Project Path="Adapters.AllnetMucha/Adapters.AllnetMucha.csproj" />
  <Project Path="Adapters.GameProtocol.CnR00/Adapters.GameProtocol.CnR00.csproj" />
  <Project Path="Adapters.GameProtocol.Blue/Adapters.GameProtocol.Blue.csproj" />
  <Project Path="Adapters.GameProtocol.Green/Adapters.GameProtocol.Green.csproj" />
  <Project Path="Adapters.GameProtocol.Shared/Adapters.GameProtocol.Shared.csproj" />
  <Project Path="Adapters.GameProtocol.WwR08/Adapters.GameProtocol.WwR08.csproj" />
  <Project Path="Adapters.GameProtocol.Yellow/Adapters.GameProtocol.Yellow.csproj" />
  <Project Path="Application/Application.csproj" />
  <Project Path="Contracts.AdminApi/Contracts.AdminApi.csproj" />
  <Project Path="Domain/Domain.csproj" />
  <Project Path="Host/Host.csproj" />
  <Project Path="Infrastructure/Infrastructure.csproj" />
  <Project Path="LocalSaveModScoreMigrator/LocalSaveModScoreMigrator.csproj" />
  <Project Path="GreenCatalogExtractor/GreenCatalogExtractor.csproj" />
  <Project Path="TaikoWebUI/TaikoWebUI.csproj" />
  <Project Path="Tests/Tests.csproj" />
</Solution>
