<Solution>
  <Project Path="Application/Application.csproj" />
  <Project Path="Domain/Domain.csproj" />
  <Project Path="GameDatabase/GameDatabase.csproj" />
  <Project Path="LocalSaveModScoreMigrator/LocalSaveModScoreMigrator.csproj" />
  <Project Path="SharedProject/SharedProject.csproj" />
  <Project Path="TaikoLocalServer/TaikoLocalServer.csproj" />
  <Project Path="TaikoWebUI/TaikoWebUI.csproj" />
</Solution>
